
Microsoft Visual Studio Solution File, Format Version 12.00
# Visual Studio Version 16
VisualStudioVersion = 16.0.28803.352
MinimumVisualStudioVersion = 10.0.40219.1
Project("{FAE04EC0-301F-11D3-BF4B-00C04F79EFBC}") = "ElectricStore", "ElectricStore\ElectricStore.csproj", "{55F4D8E1-6001-4652-B963-69FD96730BDD}"
EndProject
Global
	GlobalSection(SolutionConfigurationPlatforms) = preSolution
		Debug|Any CPU = Debug|Any CPU
		Release|Any CPU = Release|Any CPU
	EndGlobalSection
	GlobalSection(ProjectConfigurationPlatforms) = postSolution
		{55F4D8E1-6001-4652-B963-69FD96730BDD}.Debug|Any CPU.ActiveCfg = Debug|Any CPU
		{55F4D8E1-6001-4652-B963-69FD96730BDD}.Debug|Any CPU.Build.0 = Debug|Any CPU
		{55F4D8E1-6001-4652-B963-69FD96730BDD}.Release|Any CPU.ActiveCfg = Release|Any CPU
		{55F4D8E1-6001-4652-B963-69FD96730BDD}.Release|Any CPU.Build.0 = Release|Any CPU
	EndGlobalSection
	GlobalSection(SolutionProperties) = preSolution
		HideSolutionNode = FALSE
	EndGlobalSection
	GlobalSection(ExtensibilityGlobals) = postSolution
		SolutionGuid = {2EBEFD44-C4BB-48DD-863F-5C04ECC01656}
	EndGlobalSection
EndGlobal
